
Microsoft Visual Studio Solution File, Format Version 12.00
# Visual Studio Version 17
VisualStudioVersion = 17.13.35825.156
MinimumVisualStudioVersion = 10.0.40219.1
Project("{FAE04EC0-301F-11D3-BF4B-00C04F79EFBC}") = "LottoAnalytics.Integration", "src\LottoAnalytics.Integration\LottoAnalytics.Integration.csproj", "{9FB73810-6033-4FC9-8EF9-87D2805510B7}"
EndProject
Project("{FAE04EC0-301F-11D3-BF4B-00C04F79EFBC}") = "LottoAnalytics.WebApp", "src\LottoAnalytics.WebApp\LottoAnalytics.WebApp.csproj", "{96E4B707-5550-4814-90D0-8DF57C34C367}"
EndProject
Global
	GlobalSection(SolutionConfigurationPlatforms) = preSolution
		Debug|Any CPU = Debug|Any CPU
		Release|Any CPU = Release|Any CPU
	EndGlobalSection
	GlobalSection(ProjectConfigurationPlatforms) = postSolution
		{9FB73810-6033-4FC9-8EF9-87D2805510B7}.Debug|Any CPU.ActiveCfg = Debug|Any CPU
		{9FB73810-6033-4FC9-8EF9-87D2805510B7}.Debug|Any CPU.Build.0 = Debug|Any CPU
		{9FB73810-6033-4FC9-8EF9-87D2805510B7}.Release|Any CPU.ActiveCfg = Release|Any CPU
		{9FB73810-6033-4FC9-8EF9-87D2805510B7}.Release|Any CPU.Build.0 = Release|Any CPU
		{96E4B707-5550-4814-90D0-8DF57C34C367}.Debug|Any CPU.ActiveCfg = Debug|Any CPU
		{96E4B707-5550-4814-90D0-8DF57C34C367}.Debug|Any CPU.Build.0 = Debug|Any CPU
		{96E4B707-5550-4814-90D0-8DF57C34C367}.Release|Any CPU.ActiveCfg = Release|Any CPU
		{96E4B707-5550-4814-90D0-8DF57C34C367}.Release|Any CPU.Build.0 = Release|Any CPU
	EndGlobalSection
	GlobalSection(SolutionProperties) = preSolution
		HideSolutionNode = FALSE
	EndGlobalSection
	GlobalSection(ExtensibilityGlobals) = postSolution
		SolutionGuid = {B8F8C4CE-052E-45B2-ADA5-57AE339BA87B}
	EndGlobalSection
EndGlobal
